
Microsoft Visual Studio Solution File, Format Version 12.00
# Visual Studio Version 17
VisualStudioVersion = 17.2.32505.173
MinimumVisualStudioVersion = 10.0.40219.1
Project("{FAE04EC0-301F-11D3-BF4B-00C04F79EFBC}") = "DataList", "DataList\DataList.csproj", "{3959F998-A791-4EBD-99E4-A8AE5CB34559}"
EndProject
Global
	GlobalSection(SolutionConfigurationPlatforms) = preSolution
		Debug|Any CPU = Debug|Any CPU
		Release|Any CPU = Release|Any CPU
	EndGlobalSection
	GlobalSection(ProjectConfigurationPlatforms) = postSolution
		{3959F998-A791-4EBD-99E4-A8AE5CB34559}.Debug|Any CPU.ActiveCfg = Debug|Any CPU
		{3959F998-A791-4EBD-99E4-A8AE5CB34559}.Debug|Any CPU.Build.0 = Debug|Any CPU
		{3959F998-A791-4EBD-99E4-A8AE5CB34559}.Release|Any CPU.ActiveCfg = Release|Any CPU
		{3959F998-A791-4EBD-99E4-A8AE5CB34559}.Release|Any CPU.Build.0 = Release|Any CPU
	EndGlobalSection
	GlobalSection(SolutionProperties) = preSolution
		HideSolutionNode = FALSE
	EndGlobalSection
	GlobalSection(ExtensibilityGlobals) = postSolution
		SolutionGuid = {12687E05-CF4B-4CB4-9FB3-8EE3D5A97625}
	EndGlobalSection
EndGlobal
